// !$*UTF8*$!
{
	archiveVersion = 1;
	classes = {
	};
	objectVersion = 46;
	objects = {

/* Begin PBXBuildFile section */
		8C17692060B8D4F8EEED68F9 /* Pods.framework in Frameworks */ = {isa = PBXBuildFile; fileRef = 61660A482380B3A7DF63BE43 /* Pods.framework */; };
		CA0423411B745CC2004513C6 /* FSHAccount.m in Sources */ = {isa = PBXBuildFile; fileRef = CA04231D1B745CC2004513C6 /* FSHAccount.m */; };
		CA0423421B745CC2004513C6 /* FSHSound.m in Sources */ = {isa = PBXBuildFile; fileRef = CA04231F1B745CC2004513C6 /* FSHSound.m */; };
		CA0423431B745CC2004513C6 /* FSHNoHitTextField.m in Sources */ = {isa = PBXBuildFile; fileRef = CA0423221B745CC2004513C6 /* FSHNoHitTextField.m */; };
		CA0423441B745CC2004513C6 /* FSHLoginView.xib in Resources */ = {isa = PBXBuildFile; fileRef = CA0423251B745CC2004513C6 /* FSHLoginView.xib */; };
		CA0423451B745CC2004513C6 /* FSHLoginViewController.swift in Sources */ = {isa = PBXBuildFile; fileRef = CA0423261B745CC2004513C6 /* FSHLoginViewController.swift */; };
		CA0423461B745CC2004513C6 /* MainWindow.xib in Resources */ = {isa = PBXBuildFile; fileRef = CA0423281B745CC2004513C6 /* MainWindow.xib */; };
		CA0423481B745CC2004513C6 /* MainWindowPresenter.swift in Sources */ = {isa = PBXBuildFile; fileRef = CA04232B1B745CC2004513C6 /* MainWindowPresenter.swift */; };
		CA0423491B745CC2004513C6 /* FSHNowPlayingView.xib in Resources */ = {isa = PBXBuildFile; fileRef = CA04232D1B745CC2004513C6 /* FSHNowPlayingView.xib */; };
		CA04234C1B745CC2004513C6 /* FSHWaveform.swift in Sources */ = {isa = PBXBuildFile; fileRef = CA0423321B745CC2004513C6 /* FSHWaveform.swift */; };
		CA04234D1B745CC2004513C6 /* FSHWaveformSliderCell.m in Sources */ = {isa = PBXBuildFile; fileRef = CA0423341B745CC2004513C6 /* FSHWaveformSliderCell.m */; };
		CA04234E1B745CC2004513C6 /* FSHWaveformSliderView.m in Sources */ = {isa = PBXBuildFile; fileRef = CA0423361B745CC2004513C6 /* FSHWaveformSliderView.m */; };
		CA04234F1B745CC2004513C6 /* FSHSoundCellView.m in Sources */ = {isa = PBXBuildFile; fileRef = CA0423391B745CC2004513C6 /* FSHSoundCellView.m */; };
		CA0423501B745CC2004513C6 /* FSHSoundListPresenter.m in Sources */ = {isa = PBXBuildFile; fileRef = CA04233B1B745CC2004513C6 /* FSHSoundListPresenter.m */; };
		CA0423511B745CC2004513C6 /* FSHSoundRowView.m in Sources */ = {isa = PBXBuildFile; fileRef = CA04233D1B745CC2004513C6 /* FSHSoundRowView.m */; };
		CA0423521B745CC2004513C6 /* SoundListView.xib in Resources */ = {isa = PBXBuildFile; fileRef = CA04233E1B745CC2004513C6 /* SoundListView.xib */; };
		CA13F4D618CD80F20027B513 /* NSData+NXOAuth2.m in Sources */ = {isa = PBXBuildFile; fileRef = CA13F4B718CD80F20027B513 /* NSData+NXOAuth2.m */; };
		CA13F4D718CD80F20027B513 /* NSString+NXOAuth2.m in Sources */ = {isa = PBXBuildFile; fileRef = CA13F4B918CD80F20027B513 /* NSString+NXOAuth2.m */; };
		CA13F4D818CD80F20027B513 /* NSURL+NXOAuth2.m in Sources */ = {isa = PBXBuildFile; fileRef = CA13F4BB18CD80F20027B513 /* NSURL+NXOAuth2.m */; };
		CA13F4D918CD80F20027B513 /* NXOAuth2AccessToken.m in Sources */ = {isa = PBXBuildFile; fileRef = CA13F4C018CD80F20027B513 /* NXOAuth2AccessToken.m */; };
		CA13F4DA18CD80F20027B513 /* NXOAuth2Account.m in Sources */ = {isa = PBXBuildFile; fileRef = CA13F4C218CD80F20027B513 /* NXOAuth2Account.m */; };
		CA13F4DB18CD80F20027B513 /* NXOAuth2AccountStore.m in Sources */ = {isa = PBXBuildFile; fileRef = CA13F4C418CD80F20027B513 /* NXOAuth2AccountStore.m */; };
		CA13F4DC18CD80F20027B513 /* NXOAuth2Client.m in Sources */ = {isa = PBXBuildFile; fileRef = CA13F4C618CD80F20027B513 /* NXOAuth2Client.m */; };
		CA13F4DD18CD80F20027B513 /* NXOAuth2Connection.m in Sources */ = {isa = PBXBuildFile; fileRef = CA13F4C918CD80F20027B513 /* NXOAuth2Connection.m */; };
		CA13F4DE18CD80F20027B513 /* NXOAuth2Constants.m in Sources */ = {isa = PBXBuildFile; fileRef = CA13F4CC18CD80F20027B513 /* NXOAuth2Constants.m */; };
		CA13F4DF18CD80F20027B513 /* NXOAuth2FileStreamWrapper.m in Sources */ = {isa = PBXBuildFile; fileRef = CA13F4CE18CD80F20027B513 /* NXOAuth2FileStreamWrapper.m */; };
		CA13F4E018CD80F20027B513 /* NXOAuth2PostBodyPart.m in Sources */ = {isa = PBXBuildFile; fileRef = CA13F4D018CD80F20027B513 /* NXOAuth2PostBodyPart.m */; };
		CA13F4E118CD80F20027B513 /* NXOAuth2PostBodyStream.m in Sources */ = {isa = PBXBuildFile; fileRef = CA13F4D218CD80F20027B513 /* NXOAuth2PostBodyStream.m */; };
		CA13F4E218CD80F20027B513 /* NXOAuth2Request.m in Sources */ = {isa = PBXBuildFile; fileRef = CA13F4D418CD80F20027B513 /* NXOAuth2Request.m */; };
		CA22AF111C408F0800AF0DF6 /* NowPlayingViewController.swift in Sources */ = {isa = PBXBuildFile; fileRef = CA22AF101C408F0800AF0DF6 /* NowPlayingViewController.swift */; };
		CA22AF131C4099DA00AF0DF6 /* NowPlayingPresenter.swift in Sources */ = {isa = PBXBuildFile; fileRef = CA22AF121C4099DA00AF0DF6 /* NowPlayingPresenter.swift */; };
		CA22AF151C40B10400AF0DF6 /* Timer.swift in Sources */ = {isa = PBXBuildFile; fileRef = CA22AF141C40B10400AF0DF6 /* Timer.swift */; };
		CA22AF171C40BC3600AF0DF6 /* AudioPlayerService.swift in Sources */ = {isa = PBXBuildFile; fileRef = CA22AF161C40BC3600AF0DF6 /* AudioPlayerService.swift */; };
		CA444E3F1C33AF7D00E0EA45 /* ObserverSet.swift in Sources */ = {isa = PBXBuildFile; fileRef = CA444E3E1C33AF7D00E0EA45 /* ObserverSet.swift */; };
		CA444E411C33B8DF00E0EA45 /* SoundListRowModel.swift in Sources */ = {isa = PBXBuildFile; fileRef = CA444E401C33B8DF00E0EA45 /* SoundListRowModel.swift */; };
		CA444E431C34D12E00E0EA45 /* Presenter.swift in Sources */ = {isa = PBXBuildFile; fileRef = CA444E421C34D12E00E0EA45 /* Presenter.swift */; };
		CA44E89C18CD1AA2007754C5 /* Cocoa.framework in Frameworks */ = {isa = PBXBuildFile; fileRef = CA44E89B18CD1AA2007754C5 /* Cocoa.framework */; };
		CA44E8A618CD1AA2007754C5 /* InfoPlist.strings in Resources */ = {isa = PBXBuildFile; fileRef = CA44E8A418CD1AA2007754C5 /* InfoPlist.strings */; };
		CA44E8A818CD1AA2007754C5 /* main.m in Sources */ = {isa = PBXBuildFile; fileRef = CA44E8A718CD1AA2007754C5 /* main.m */; };
		CA44E8AC18CD1AA2007754C5 /* Credits.rtf in Resources */ = {isa = PBXBuildFile; fileRef = CA44E8AA18CD1AA2007754C5 /* Credits.rtf */; };
		CA44E8AF18CD1AA2007754C5 /* FSHAppDelegate.m in Sources */ = {isa = PBXBuildFile; fileRef = CA44E8AE18CD1AA2007754C5 /* FSHAppDelegate.m */; };
		CA44E8B218CD1AA2007754C5 /* MainMenu.xib in Resources */ = {isa = PBXBuildFile; fileRef = CA44E8B018CD1AA2007754C5 /* MainMenu.xib */; };
		CA44E8B418CD1AA2007754C5 /* Images.xcassets in Resources */ = {isa = PBXBuildFile; fileRef = CA44E8B318CD1AA2007754C5 /* Images.xcassets */; };
		CA44E8BB18CD1AA2007754C5 /* XCTest.framework in Frameworks */ = {isa = PBXBuildFile; fileRef = CA44E8BA18CD1AA2007754C5 /* XCTest.framework */; };
		CA44E8BC18CD1AA2007754C5 /* Cocoa.framework in Frameworks */ = {isa = PBXBuildFile; fileRef = CA44E89B18CD1AA2007754C5 /* Cocoa.framework */; };
		CA44E8C418CD1AA2007754C5 /* InfoPlist.strings in Resources */ = {isa = PBXBuildFile; fileRef = CA44E8C218CD1AA2007754C5 /* InfoPlist.strings */; };
		CA44E8C618CD1AA2007754C5 /* FreshTests.m in Sources */ = {isa = PBXBuildFile; fileRef = CA44E8C518CD1AA2007754C5 /* FreshTests.m */; };
		CA44E8E718CD1CDB007754C5 /* SCAccount+Private.m in Sources */ = {isa = PBXBuildFile; fileRef = CA44E8DA18CD1CDB007754C5 /* SCAccount+Private.m */; };
		CA44E8E818CD1CDB007754C5 /* SCAccount.m in Sources */ = {isa = PBXBuildFile; fileRef = CA44E8DC18CD1CDB007754C5 /* SCAccount.m */; };
		CA44E8E918CD1CDB007754C5 /* SCConstants.m in Sources */ = {isa = PBXBuildFile; fileRef = CA44E8DF18CD1CDB007754C5 /* SCConstants.m */; };
		CA44E8EA18CD1CDB007754C5 /* SCRequest.m in Sources */ = {isa = PBXBuildFile; fileRef = CA44E8E118CD1CDB007754C5 /* SCRequest.m */; };
		CA44E8EB18CD1CDB007754C5 /* SCSoundCloud+Private.m in Sources */ = {isa = PBXBuildFile; fileRef = CA44E8E318CD1CDB007754C5 /* SCSoundCloud+Private.m */; };
		CA44E8EC18CD1CDB007754C5 /* SCSoundCloud.m in Sources */ = {isa = PBXBuildFile; fileRef = CA44E8E518CD1CDB007754C5 /* SCSoundCloud.m */; };
		CA4E257D1C33985500CB63FB /* MainWireframe.swift in Sources */ = {isa = PBXBuildFile; fileRef = CA4E257C1C33985500CB63FB /* MainWireframe.swift */; };
		CA4E257F1C339D6000CB63FB /* SoundCloudService.swift in Sources */ = {isa = PBXBuildFile; fileRef = CA4E257E1C339D6000CB63FB /* SoundCloudService.swift */; };
		CA5D7A2918CEB2F1006E2401 /* NSView+RACProperties.m in Sources */ = {isa = PBXBuildFile; fileRef = CA5D7A2818CEB2F1006E2401 /* NSView+RACProperties.m */; };
		CA5D7A2C18CEB7A8006E2401 /* NSImageView+AFNetworking.m in Sources */ = {isa = PBXBuildFile; fileRef = CA5D7A2B18CEB7A8006E2401 /* NSImageView+AFNetworking.m */; };
		CAE5F49C18D14AFE00506613 /* NSImage+TintedImage.m in Sources */ = {isa = PBXBuildFile; fileRef = CAE5F49B18D14AFE00506613 /* NSImage+TintedImage.m */; };
		CAE6846018CD3C4900F907A4 /* NSButton+RACProperties.m in Sources */ = {isa = PBXBuildFile; fileRef = CAE6845F18CD3C4900F907A4 /* NSButton+RACProperties.m */; };
		CAF1E1B61C34DC1F00EDFC6A /* SoundListPresenter.swift in Sources */ = {isa = PBXBuildFile; fileRef = CAF1E1B51C34DC1F00EDFC6A /* SoundListPresenter.swift */; };
		CAF1E1B81C34E01200EDFC6A /* MainWindowController.swift in Sources */ = {isa = PBXBuildFile; fileRef = CAF1E1B71C34E01200EDFC6A /* MainWindowController.swift */; };
		CAF1E1BA1C34E2E900EDFC6A /* SoundListViewController.swift in Sources */ = {isa = PBXBuildFile; fileRef = CAF1E1B91C34E2E900EDFC6A /* SoundListViewController.swift */; };
/* End PBXBuildFile section */

/* Begin PBXContainerItemProxy section */
		CA44E8BD18CD1AA2007754C5 /* PBXContainerItemProxy */ = {
			isa = PBXContainerItemProxy;
			containerPortal = CA44E89018CD1AA2007754C5 /* Project object */;
			proxyType = 1;
			remoteGlobalIDString = CA44E89718CD1AA2007754C5;
			remoteInfo = Fresh;
		};
/* End PBXContainerItemProxy section */

/* Begin PBXFileReference section */
		61660A482380B3A7DF63BE43 /* Pods.framework */ = {isa = PBXFileReference; explicitFileType = wrapper.framework; includeInIndex = 0; path = Pods.framework; sourceTree = BUILT_PRODUCTS_DIR; };
		C625D28D4A69D21652CB65E2 /* Pods.release.xcconfig */ = {isa = PBXFileReference; includeInIndex = 1; lastKnownFileType = text.xcconfig; name = Pods.release.xcconfig; path = "Pods/Target Support Files/Pods/Pods.release.xcconfig"; sourceTree = "<group>"; };
		CA04231C1B745CC2004513C6 /* FSHAccount.h */ = {isa = PBXFileReference; fileEncoding = 4; lastKnownFileType = sourcecode.c.h; path = FSHAccount.h; sourceTree = "<group>"; };
		CA04231D1B745CC2004513C6 /* FSHAccount.m */ = {isa = PBXFileReference; fileEncoding = 4; lastKnownFileType = sourcecode.c.objc; path = FSHAccount.m; sourceTree = "<group>"; };
		CA04231E1B745CC2004513C6 /* FSHSound.h */ = {isa = PBXFileReference; fileEncoding = 4; lastKnownFileType = sourcecode.c.h; path = FSHSound.h; sourceTree = "<group>"; };
		CA04231F1B745CC2004513C6 /* FSHSound.m */ = {isa = PBXFileReference; fileEncoding = 4; lastKnownFileType = sourcecode.c.objc; path = FSHSound.m; sourceTree = "<group>"; };
		CA0423211B745CC2004513C6 /* FSHNoHitTextField.h */ = {isa = PBXFileReference; fileEncoding = 4; lastKnownFileType = sourcecode.c.h; path = FSHNoHitTextField.h; sourceTree = "<group>"; };
		CA0423221B745CC2004513C6 /* FSHNoHitTextField.m */ = {isa = PBXFileReference; fileEncoding = 4; lastKnownFileType = sourcecode.c.objc; path = FSHNoHitTextField.m; sourceTree = "<group>"; };
		CA0423251B745CC2004513C6 /* FSHLoginView.xib */ = {isa = PBXFileReference; fileEncoding = 4; lastKnownFileType = file.xib; path = FSHLoginView.xib; sourceTree = "<group>"; };
		CA0423261B745CC2004513C6 /* FSHLoginViewController.swift */ = {isa = PBXFileReference; fileEncoding = 4; lastKnownFileType = sourcecode.swift; path = FSHLoginViewController.swift; sourceTree = "<group>"; };
		CA0423281B745CC2004513C6 /* MainWindow.xib */ = {isa = PBXFileReference; fileEncoding = 4; lastKnownFileType = file.xib; path = MainWindow.xib; sourceTree = "<group>"; };
		CA04232B1B745CC2004513C6 /* MainWindowPresenter.swift */ = {isa = PBXFileReference; fileEncoding = 4; lastKnownFileType = sourcecode.swift; path = MainWindowPresenter.swift; sourceTree = "<group>"; };
		CA04232D1B745CC2004513C6 /* FSHNowPlayingView.xib */ = {isa = PBXFileReference; fileEncoding = 4; lastKnownFileType = file.xib; path = FSHNowPlayingView.xib; sourceTree = "<group>"; };
		CA0423321B745CC2004513C6 /* FSHWaveform.swift */ = {isa = PBXFileReference; fileEncoding = 4; lastKnownFileType = sourcecode.swift; path = FSHWaveform.swift; sourceTree = "<group>"; };
		CA0423331B745CC2004513C6 /* FSHWaveformSliderCell.h */ = {isa = PBXFileReference; fileEncoding = 4; lastKnownFileType = sourcecode.c.h; path = FSHWaveformSliderCell.h; sourceTree = "<group>"; };
		CA0423341B745CC2004513C6 /* FSHWaveformSliderCell.m */ = {isa = PBXFileReference; fileEncoding = 4; lastKnownFileType = sourcecode.c.objc; path = FSHWaveformSliderCell.m; sourceTree = "<group>"; };
		CA0423351B745CC2004513C6 /* FSHWaveformSliderView.h */ = {isa = PBXFileReference; fileEncoding = 4; lastKnownFileType = sourcecode.c.h; path = FSHWaveformSliderView.h; sourceTree = "<group>"; };
		CA0423361B745CC2004513C6 /* FSHWaveformSliderView.m */ = {isa = PBXFileReference; fileEncoding = 4; lastKnownFileType = sourcecode.c.objc; path = FSHWaveformSliderView.m; sourceTree = "<group>"; };
		CA0423381B745CC2004513C6 /* FSHSoundCellView.h */ = {isa = PBXFileReference; fileEncoding = 4; lastKnownFileType = sourcecode.c.h; path = FSHSoundCellView.h; sourceTree = "<group>"; };
		CA0423391B745CC2004513C6 /* FSHSoundCellView.m */ = {isa = PBXFileReference; fileEncoding = 4; lastKnownFileType = sourcecode.c.objc; path = FSHSoundCellView.m; sourceTree = "<group>"; };
		CA04233A1B745CC2004513C6 /* FSHSoundListPresenter.h */ = {isa = PBXFileReference; fileEncoding = 4; lastKnownFileType = sourcecode.c.h; path = FSHSoundListPresenter.h; sourceTree = "<group>"; };
		CA04233B1B745CC2004513C6 /* FSHSoundListPresenter.m */ = {isa = PBXFileReference; fileEncoding = 4; lastKnownFileType = sourcecode.c.objc; path = FSHSoundListPresenter.m; sourceTree = "<group>"; };
		CA04233C1B745CC2004513C6 /* FSHSoundRowView.h */ = {isa = PBXFileReference; fileEncoding = 4; lastKnownFileType = sourcecode.c.h; path = FSHSoundRowView.h; sourceTree = "<group>"; };
		CA04233D1B745CC2004513C6 /* FSHSoundRowView.m */ = {isa = PBXFileReference; fileEncoding = 4; lastKnownFileType = sourcecode.c.objc; path = FSHSoundRowView.m; sourceTree = "<group>"; };
		CA04233E1B745CC2004513C6 /* SoundListView.xib */ = {isa = PBXFileReference; fileEncoding = 4; lastKnownFileType = file.xib; path = SoundListView.xib; sourceTree = "<group>"; };
		CA13F4B618CD80F20027B513 /* NSData+NXOAuth2.h */ = {isa = PBXFileReference; fileEncoding = 4; lastKnownFileType = sourcecode.c.h; path = "NSData+NXOAuth2.h"; sourceTree = "<group>"; };
		CA13F4B718CD80F20027B513 /* NSData+NXOAuth2.m */ = {isa = PBXFileReference; fileEncoding = 4; lastKnownFileType = sourcecode.c.objc; path = "NSData+NXOAuth2.m"; sourceTree = "<group>"; };
		CA13F4B818CD80F20027B513 /* NSString+NXOAuth2.h */ = {isa = PBXFileReference; fileEncoding = 4; lastKnownFileType = sourcecode.c.h; path = "NSString+NXOAuth2.h"; sourceTree = "<group>"; };
		CA13F4B918CD80F20027B513 /* NSString+NXOAuth2.m */ = {isa = PBXFileReference; fileEncoding = 4; lastKnownFileType = sourcecode.c.objc; path = "NSString+NXOAuth2.m"; sourceTree = "<group>"; };
		CA13F4BA18CD80F20027B513 /* NSURL+NXOAuth2.h */ = {isa = PBXFileReference; fileEncoding = 4; lastKnownFileType = sourcecode.c.h; path = "NSURL+NXOAuth2.h"; sourceTree = "<group>"; };
		CA13F4BB18CD80F20027B513 /* NSURL+NXOAuth2.m */ = {isa = PBXFileReference; fileEncoding = 4; lastKnownFileType = sourcecode.c.objc; path = "NSURL+NXOAuth2.m"; sourceTree = "<group>"; };
		CA13F4BC18CD80F20027B513 /* NXOAuth2Account+Private.h */ = {isa = PBXFileReference; fileEncoding = 4; lastKnownFileType = sourcecode.c.h; path = "NXOAuth2Account+Private.h"; sourceTree = "<group>"; };
		CA13F4BE18CD80F20027B513 /* NXOAuth2.h */ = {isa = PBXFileReference; fileEncoding = 4; lastKnownFileType = sourcecode.c.h; path = NXOAuth2.h; sourceTree = "<group>"; };
		CA13F4BF18CD80F20027B513 /* NXOAuth2AccessToken.h */ = {isa = PBXFileReference; fileEncoding = 4; lastKnownFileType = sourcecode.c.h; path = NXOAuth2AccessToken.h; sourceTree = "<group>"; };
		CA13F4C018CD80F20027B513 /* NXOAuth2AccessToken.m */ = {isa = PBXFileReference; fileEncoding = 4; lastKnownFileType = sourcecode.c.objc; path = NXOAuth2AccessToken.m; sourceTree = "<group>"; };
		CA13F4C118CD80F20027B513 /* NXOAuth2Account.h */ = {isa = PBXFileReference; fileEncoding = 4; lastKnownFileType = sourcecode.c.h; path = NXOAuth2Account.h; sourceTree = "<group>"; };
		CA13F4C218CD80F20027B513 /* NXOAuth2Account.m */ = {isa = PBXFileReference; fileEncoding = 4; lastKnownFileType = sourcecode.c.objc; path = NXOAuth2Account.m; sourceTree = "<group>"; };
		CA13F4C318CD80F20027B513 /* NXOAuth2AccountStore.h */ = {isa = PBXFileReference; fileEncoding = 4; lastKnownFileType = sourcecode.c.h; path = NXOAuth2AccountStore.h; sourceTree = "<group>"; };
		CA13F4C418CD80F20027B513 /* NXOAuth2AccountStore.m */ = {isa = PBXFileReference; fileEncoding = 4; lastKnownFileType = sourcecode.c.objc; path = NXOAuth2AccountStore.m; sourceTree = "<group>"; };
		CA13F4C518CD80F20027B513 /* NXOAuth2Client.h */ = {isa = PBXFileReference; fileEncoding = 4; lastKnownFileType = sourcecode.c.h; path = NXOAuth2Client.h; sourceTree = "<group>"; };
		CA13F4C618CD80F20027B513 /* NXOAuth2Client.m */ = {isa = PBXFileReference; fileEncoding = 4; lastKnownFileType = sourcecode.c.objc; path = NXOAuth2Client.m; sourceTree = "<group>"; };
		CA13F4C718CD80F20027B513 /* NXOAuth2ClientDelegate.h */ = {isa = PBXFileReference; fileEncoding = 4; lastKnownFileType = sourcecode.c.h; path = NXOAuth2ClientDelegate.h; sourceTree = "<group>"; };
		CA13F4C818CD80F20027B513 /* NXOAuth2Connection.h */ = {isa = PBXFileReference; fileEncoding = 4; lastKnownFileType = sourcecode.c.h; path = NXOAuth2Connection.h; sourceTree = "<group>"; };
		CA13F4C918CD80F20027B513 /* NXOAuth2Connection.m */ = {isa = PBXFileReference; fileEncoding = 4; lastKnownFileType = sourcecode.c.objc; path = NXOAuth2Connection.m; sourceTree = "<group>"; };
		CA13F4CA18CD80F20027B513 /* NXOAuth2ConnectionDelegate.h */ = {isa = PBXFileReference; fileEncoding = 4; lastKnownFileType = sourcecode.c.h; path = NXOAuth2ConnectionDelegate.h; sourceTree = "<group>"; };
		CA13F4CB18CD80F20027B513 /* NXOAuth2Constants.h */ = {isa = PBXFileReference; fileEncoding = 4; lastKnownFileType = sourcecode.c.h; path = NXOAuth2Constants.h; sourceTree = "<group>"; };
		CA13F4CC18CD80F20027B513 /* NXOAuth2Constants.m */ = {isa = PBXFileReference; fileEncoding = 4; lastKnownFileType = sourcecode.c.objc; path = NXOAuth2Constants.m; sourceTree = "<group>"; };
		CA13F4CD18CD80F20027B513 /* NXOAuth2FileStreamWrapper.h */ = {isa = PBXFileReference; fileEncoding = 4; lastKnownFileType = sourcecode.c.h; path = NXOAuth2FileStreamWrapper.h; sourceTree = "<group>"; };
		CA13F4CE18CD80F20027B513 /* NXOAuth2FileStreamWrapper.m */ = {isa = PBXFileReference; fileEncoding = 4; lastKnownFileType = sourcecode.c.objc; path = NXOAuth2FileStreamWrapper.m; sourceTree = "<group>"; };
		CA13F4CF18CD80F20027B513 /* NXOAuth2PostBodyPart.h */ = {isa = PBXFileReference; fileEncoding = 4; lastKnownFileType = sourcecode.c.h; path = NXOAuth2PostBodyPart.h; sourceTree = "<group>"; };
		CA13F4D018CD80F20027B513 /* NXOAuth2PostBodyPart.m */ = {isa = PBXFileReference; fileEncoding = 4; lastKnownFileType = sourcecode.c.objc; path = NXOAuth2PostBodyPart.m; sourceTree = "<group>"; };
		CA13F4D118CD80F20027B513 /* NXOAuth2PostBodyStream.h */ = {isa = PBXFileReference; fileEncoding = 4; lastKnownFileType = sourcecode.c.h; path = NXOAuth2PostBodyStream.h; sourceTree = "<group>"; };
		CA13F4D218CD80F20027B513 /* NXOAuth2PostBodyStream.m */ = {isa = PBXFileReference; fileEncoding = 4; lastKnownFileType = sourcecode.c.objc; path = NXOAuth2PostBodyStream.m; sourceTree = "<group>"; };
		CA13F4D318CD80F20027B513 /* NXOAuth2Request.h */ = {isa = PBXFileReference; fileEncoding = 4; lastKnownFileType = sourcecode.c.h; path = NXOAuth2Request.h; sourceTree = "<group>"; };
		CA13F4D418CD80F20027B513 /* NXOAuth2Request.m */ = {isa = PBXFileReference; fileEncoding = 4; lastKnownFileType = sourcecode.c.objc; path = NXOAuth2Request.m; sourceTree = "<group>"; };
		CA13F4D518CD80F20027B513 /* NXOAuth2TrustDelegate.h */ = {isa = PBXFileReference; fileEncoding = 4; lastKnownFileType = sourcecode.c.h; path = NXOAuth2TrustDelegate.h; sourceTree = "<group>"; };
		CA22AF101C408F0800AF0DF6 /* NowPlayingViewController.swift */ = {isa = PBXFileReference; fileEncoding = 4; lastKnownFileType = sourcecode.swift; path = NowPlayingViewController.swift; sourceTree = "<group>"; };
		CA22AF121C4099DA00AF0DF6 /* NowPlayingPresenter.swift */ = {isa = PBXFileReference; fileEncoding = 4; lastKnownFileType = sourcecode.swift; path = NowPlayingPresenter.swift; sourceTree = "<group>"; };
		CA22AF141C40B10400AF0DF6 /* Timer.swift */ = {isa = PBXFileReference; fileEncoding = 4; lastKnownFileType = sourcecode.swift; path = Timer.swift; sourceTree = "<group>"; };
		CA22AF161C40BC3600AF0DF6 /* AudioPlayerService.swift */ = {isa = PBXFileReference; fileEncoding = 4; lastKnownFileType = sourcecode.swift; path = AudioPlayerService.swift; sourceTree = "<group>"; };
		CA444E3E1C33AF7D00E0EA45 /* ObserverSet.swift */ = {isa = PBXFileReference; fileEncoding = 4; lastKnownFileType = sourcecode.swift; path = ObserverSet.swift; sourceTree = "<group>"; };
		CA444E401C33B8DF00E0EA45 /* SoundListRowModel.swift */ = {isa = PBXFileReference; fileEncoding = 4; lastKnownFileType = sourcecode.swift; path = SoundListRowModel.swift; sourceTree = "<group>"; };
		CA444E421C34D12E00E0EA45 /* Presenter.swift */ = {isa = PBXFileReference; fileEncoding = 4; lastKnownFileType = sourcecode.swift; path = Presenter.swift; sourceTree = "<group>"; };
		CA44E89818CD1AA2007754C5 /* Fresh.app */ = {isa = PBXFileReference; explicitFileType = wrapper.application; includeInIndex = 0; path = Fresh.app; sourceTree = BUILT_PRODUCTS_DIR; };
		CA44E89B18CD1AA2007754C5 /* Cocoa.framework */ = {isa = PBXFileReference; lastKnownFileType = wrapper.framework; name = Cocoa.framework; path = System/Library/Frameworks/Cocoa.framework; sourceTree = SDKROOT; };
		CA44E89E18CD1AA2007754C5 /* AppKit.framework */ = {isa = PBXFileReference; lastKnownFileType = wrapper.framework; name = AppKit.framework; path = System/Library/Frameworks/AppKit.framework; sourceTree = SDKROOT; };
		CA44E89F18CD1AA2007754C5 /* CoreData.framework */ = {isa = PBXFileReference; lastKnownFileType = wrapper.framework; name = CoreData.framework; path = System/Library/Frameworks/CoreData.framework; sourceTree = SDKROOT; };
		CA44E8A018CD1AA2007754C5 /* Foundation.framework */ = {isa = PBXFileReference; lastKnownFileType = wrapper.framework; name = Foundation.framework; path = System/Library/Frameworks/Foundation.framework; sourceTree = SDKROOT; };
		CA44E8A318CD1AA2007754C5 /* Fresh-Info.plist */ = {isa = PBXFileReference; lastKnownFileType = text.plist.xml; path = "Fresh-Info.plist"; sourceTree = "<group>"; };
		CA44E8A518CD1AA2007754C5 /* en */ = {isa = PBXFileReference; lastKnownFileType = text.plist.strings; name = en; path = en.lproj/InfoPlist.strings; sourceTree = "<group>"; };
		CA44E8A718CD1AA2007754C5 /* main.m */ = {isa = PBXFileReference; lastKnownFileType = sourcecode.c.objc; path = main.m; sourceTree = "<group>"; };
		CA44E8A918CD1AA2007754C5 /* Fresh-Prefix.pch */ = {isa = PBXFileReference; lastKnownFileType = sourcecode.c.h; path = "Fresh-Prefix.pch"; sourceTree = "<group>"; };
		CA44E8AB18CD1AA2007754C5 /* en */ = {isa = PBXFileReference; lastKnownFileType = text.rtf; name = en; path = en.lproj/Credits.rtf; sourceTree = "<group>"; };
		CA44E8AD18CD1AA2007754C5 /* FSHAppDelegate.h */ = {isa = PBXFileReference; lastKnownFileType = sourcecode.c.h; path = FSHAppDelegate.h; sourceTree = "<group>"; };
		CA44E8AE18CD1AA2007754C5 /* FSHAppDelegate.m */ = {isa = PBXFileReference; lastKnownFileType = sourcecode.c.objc; path = FSHAppDelegate.m; sourceTree = "<group>"; };
		CA44E8B118CD1AA2007754C5 /* Base */ = {isa = PBXFileReference; lastKnownFileType = file.xib; name = Base; path = Base.lproj/MainMenu.xib; sourceTree = "<group>"; };
		CA44E8B318CD1AA2007754C5 /* Images.xcassets */ = {isa = PBXFileReference; lastKnownFileType = folder.assetcatalog; path = Images.xcassets; sourceTree = "<group>"; };
		CA44E8B918CD1AA2007754C5 /* FreshTests.xctest */ = {isa = PBXFileReference; explicitFileType = wrapper.cfbundle; includeInIndex = 0; path = FreshTests.xctest; sourceTree = BUILT_PRODUCTS_DIR; };
		CA44E8BA18CD1AA2007754C5 /* XCTest.framework */ = {isa = PBXFileReference; lastKnownFileType = wrapper.framework; name = XCTest.framework; path = Library/Frameworks/XCTest.framework; sourceTree = DEVELOPER_DIR; };
		CA44E8C118CD1AA2007754C5 /* FreshTests-Info.plist */ = {isa = PBXFileReference; lastKnownFileType = text.plist.xml; path = "FreshTests-Info.plist"; sourceTree = "<group>"; };
		CA44E8C318CD1AA2007754C5 /* en */ = {isa = PBXFileReference; lastKnownFileType = text.plist.strings; name = en; path = en.lproj/InfoPlist.strings; sourceTree = "<group>"; };
		CA44E8C518CD1AA2007754C5 /* FreshTests.m */ = {isa = PBXFileReference; lastKnownFileType = sourcecode.c.objc; path = FreshTests.m; sourceTree = "<group>"; };
		CA44E8D918CD1CDB007754C5 /* SCAccount+Private.h */ = {isa = PBXFileReference; fileEncoding = 4; lastKnownFileType = sourcecode.c.h; path = "SCAccount+Private.h"; sourceTree = "<group>"; };
		CA44E8DA18CD1CDB007754C5 /* SCAccount+Private.m */ = {isa = PBXFileReference; fileEncoding = 4; lastKnownFileType = sourcecode.c.objc; path = "SCAccount+Private.m"; sourceTree = "<group>"; };
		CA44E8DB18CD1CDB007754C5 /* SCAccount.h */ = {isa = PBXFileReference; fileEncoding = 4; lastKnownFileType = sourcecode.c.h; path = SCAccount.h; sourceTree = "<group>"; };
		CA44E8DC18CD1CDB007754C5 /* SCAccount.m */ = {isa = PBXFileReference; fileEncoding = 4; lastKnownFileType = sourcecode.c.objc; path = SCAccount.m; sourceTree = "<group>"; };
		CA44E8DD18CD1CDB007754C5 /* SCAPI.h */ = {isa = PBXFileReference; fileEncoding = 4; lastKnownFileType = sourcecode.c.h; path = SCAPI.h; sourceTree = "<group>"; };
		CA44E8DE18CD1CDB007754C5 /* SCConstants.h */ = {isa = PBXFileReference; fileEncoding = 4; lastKnownFileType = sourcecode.c.h; path = SCConstants.h; sourceTree = "<group>"; };
		CA44E8DF18CD1CDB007754C5 /* SCConstants.m */ = {isa = PBXFileReference; fileEncoding = 4; lastKnownFileType = sourcecode.c.objc; path = SCConstants.m; sourceTree = "<group>"; };
		CA44E8E018CD1CDB007754C5 /* SCRequest.h */ = {isa = PBXFileReference; fileEncoding = 4; lastKnownFileType = sourcecode.c.h; path = SCRequest.h; sourceTree = "<group>"; };
		CA44E8E118CD1CDB007754C5 /* SCRequest.m */ = {isa = PBXFileReference; fileEncoding = 4; lastKnownFileType = sourcecode.c.objc; path = SCRequest.m; sourceTree = "<group>"; };
		CA44E8E218CD1CDB007754C5 /* SCSoundCloud+Private.h */ = {isa = PBXFileReference; fileEncoding = 4; lastKnownFileType = sourcecode.c.h; path = "SCSoundCloud+Private.h"; sourceTree = "<group>"; };
		CA44E8E318CD1CDB007754C5 /* SCSoundCloud+Private.m */ = {isa = PBXFileReference; fileEncoding = 4; lastKnownFileType = sourcecode.c.objc; path = "SCSoundCloud+Private.m"; sourceTree = "<group>"; };
		CA44E8E418CD1CDB007754C5 /* SCSoundCloud.h */ = {isa = PBXFileReference; fileEncoding = 4; lastKnownFileType = sourcecode.c.h; path = SCSoundCloud.h; sourceTree = "<group>"; };
		CA44E8E518CD1CDB007754C5 /* SCSoundCloud.m */ = {isa = PBXFileReference; fileEncoding = 4; lastKnownFileType = sourcecode.c.objc; path = SCSoundCloud.m; sourceTree = "<group>"; };
		CA44E8E618CD1CDB007754C5 /* SCSoundCloudAPI-Private.h */ = {isa = PBXFileReference; fileEncoding = 4; lastKnownFileType = sourcecode.c.h; path = "SCSoundCloudAPI-Private.h"; sourceTree = "<group>"; };
		CA44E8ED18CD22FD007754C5 /* Fresh.entitlements */ = {isa = PBXFileReference; lastKnownFileType = text.xml; path = Fresh.entitlements; sourceTree = "<group>"; };
		CA4E257C1C33985500CB63FB /* MainWireframe.swift */ = {isa = PBXFileReference; fileEncoding = 4; lastKnownFileType = sourcecode.swift; path = MainWireframe.swift; sourceTree = "<group>"; };
		CA4E257E1C339D6000CB63FB /* SoundCloudService.swift */ = {isa = PBXFileReference; fileEncoding = 4; lastKnownFileType = sourcecode.swift; path = SoundCloudService.swift; sourceTree = "<group>"; };
		CA5B3D921B72DD40002BB59B /* Fresh-Bridging-Header.h */ = {isa = PBXFileReference; lastKnownFileType = sourcecode.c.h; path = "Fresh-Bridging-Header.h"; sourceTree = "<group>"; };
		CA5D7A2718CEB2F1006E2401 /* NSView+RACProperties.h */ = {isa = PBXFileReference; fileEncoding = 4; lastKnownFileType = sourcecode.c.h; name = "NSView+RACProperties.h"; path = "Categories/NSView+RACProperties.h"; sourceTree = "<group>"; };
		CA5D7A2818CEB2F1006E2401 /* NSView+RACProperties.m */ = {isa = PBXFileReference; fileEncoding = 4; lastKnownFileType = sourcecode.c.objc; name = "NSView+RACProperties.m"; path = "Categories/NSView+RACProperties.m"; sourceTree = "<group>"; };
		CA5D7A2A18CEB7A8006E2401 /* NSImageView+AFNetworking.h */ = {isa = PBXFileReference; fileEncoding = 4; lastKnownFileType = sourcecode.c.h; name = "NSImageView+AFNetworking.h"; path = "Categories/NSImageView+AFNetworking.h"; sourceTree = "<group>"; };
		CA5D7A2B18CEB7A8006E2401 /* NSImageView+AFNetworking.m */ = {isa = PBXFileReference; fileEncoding = 4; lastKnownFileType = sourcecode.c.objc; name = "NSImageView+AFNetworking.m"; path = "Categories/NSImageView+AFNetworking.m"; sourceTree = "<group>"; };
		CAE5F49A18D14AFE00506613 /* NSImage+TintedImage.h */ = {isa = PBXFileReference; fileEncoding = 4; lastKnownFileType = sourcecode.c.h; name = "NSImage+TintedImage.h"; path = "Categories/NSImage+TintedImage.h"; sourceTree = "<group>"; };
		CAE5F49B18D14AFE00506613 /* NSImage+TintedImage.m */ = {isa = PBXFileReference; fileEncoding = 4; lastKnownFileType = sourcecode.c.objc; name = "NSImage+TintedImage.m"; path = "Categories/NSImage+TintedImage.m"; sourceTree = "<group>"; };
		CAE6845E18CD3C4900F907A4 /* NSButton+RACProperties.h */ = {isa = PBXFileReference; fileEncoding = 4; lastKnownFileType = sourcecode.c.h; name = "NSButton+RACProperties.h"; path = "Categories/NSButton+RACProperties.h"; sourceTree = "<group>"; };
		CAE6845F18CD3C4900F907A4 /* NSButton+RACProperties.m */ = {isa = PBXFileReference; fileEncoding = 4; lastKnownFileType = sourcecode.c.objc; name = "NSButton+RACProperties.m"; path = "Categories/NSButton+RACProperties.m"; sourceTree = "<group>"; };
		CAF1E1B51C34DC1F00EDFC6A /* SoundListPresenter.swift */ = {isa = PBXFileReference; fileEncoding = 4; lastKnownFileType = sourcecode.swift; path = SoundListPresenter.swift; sourceTree = "<group>"; };
		CAF1E1B71C34E01200EDFC6A /* MainWindowController.swift */ = {isa = PBXFileReference; fileEncoding = 4; lastKnownFileType = sourcecode.swift; path = MainWindowController.swift; sourceTree = "<group>"; };
		CAF1E1B91C34E2E900EDFC6A /* SoundListViewController.swift */ = {isa = PBXFileReference; fileEncoding = 4; lastKnownFileType = sourcecode.swift; path = SoundListViewController.swift; sourceTree = "<group>"; };
		CB761C3110025D903468097C /* Pods.debug.xcconfig */ = {isa = PBXFileReference; includeInIndex = 1; lastKnownFileType = text.xcconfig; name = Pods.debug.xcconfig; path = "Pods/Target Support Files/Pods/Pods.debug.xcconfig"; sourceTree = "<group>"; };
/* End PBXFileReference section */

/* Begin PBXFrameworksBuildPhase section */
		CA44E89518CD1AA2007754C5 /* Frameworks */ = {
			isa = PBXFrameworksBuildPhase;
			buildActionMask = 2147483647;
			files = (
				CA44E89C18CD1AA2007754C5 /* Cocoa.framework in Frameworks */,
				8C17692060B8D4F8EEED68F9 /* Pods.framework in Frameworks */,
			);
			runOnlyForDeploymentPostprocessing = 0;
		};
		CA44E8B618CD1AA2007754C5 /* Frameworks */ = {
			isa = PBXFrameworksBuildPhase;
			buildActionMask = 2147483647;
			files = (
				CA44E8BC18CD1AA2007754C5 /* Cocoa.framework in Frameworks */,
				CA44E8BB18CD1AA2007754C5 /* XCTest.framework in Frameworks */,
			);
			runOnlyForDeploymentPostprocessing = 0;
		};
/* End PBXFrameworksBuildPhase section */

/* Begin PBXGroup section */
		4CA7EFFA218484D7588EA4AC /* Pods */ = {
			isa = PBXGroup;
			children = (
				CB761C3110025D903468097C /* Pods.debug.xcconfig */,
				C625D28D4A69D21652CB65E2 /* Pods.release.xcconfig */,
			);
			name = Pods;
			sourceTree = "<group>";
		};
		CA04231A1B745CC2004513C6 /* Common */ = {
			isa = PBXGroup;
			children = (
				CA04231B1B745CC2004513C6 /* Models */,
				CA0423201B745CC2004513C6 /* Views */,
				CA444E3E1C33AF7D00E0EA45 /* ObserverSet.swift */,
				CA444E421C34D12E00E0EA45 /* Presenter.swift */,
				CA22AF141C40B10400AF0DF6 /* Timer.swift */,
			);
			path = Common;
			sourceTree = "<group>";
		};
		CA04231B1B745CC2004513C6 /* Models */ = {
			isa = PBXGroup;
			children = (
				CA04231C1B745CC2004513C6 /* FSHAccount.h */,
				CA04231D1B745CC2004513C6 /* FSHAccount.m */,
				CA04231E1B745CC2004513C6 /* FSHSound.h */,
				CA04231F1B745CC2004513C6 /* FSHSound.m */,
				CA4E257E1C339D6000CB63FB /* SoundCloudService.swift */,
			);
			path = Models;
			sourceTree = "<group>";
		};
		CA0423201B745CC2004513C6 /* Views */ = {
			isa = PBXGroup;
			children = (
				CA0423211B745CC2004513C6 /* FSHNoHitTextField.h */,
				CA0423221B745CC2004513C6 /* FSHNoHitTextField.m */,
			);
			path = Views;
			sourceTree = "<group>";
		};
		CA0423231B745CC2004513C6 /* Components */ = {
			isa = PBXGroup;
			children = (
				CA0423241B745CC2004513C6 /* Login */,
				CA0423271B745CC2004513C6 /* Main Window */,
				CA04232C1B745CC2004513C6 /* Now Playing */,
				CA0423371B745CC2004513C6 /* Sound List */,
			);
			path = Components;
			sourceTree = "<group>";
		};
		CA0423241B745CC2004513C6 /* Login */ = {
			isa = PBXGroup;
			children = (
				CA0423251B745CC2004513C6 /* FSHLoginView.xib */,
				CA0423261B745CC2004513C6 /* FSHLoginViewController.swift */,
			);
			path = Login;
			sourceTree = "<group>";
		};
		CA0423271B745CC2004513C6 /* Main Window */ = {
			isa = PBXGroup;
			children = (
				CA0423281B745CC2004513C6 /* MainWindow.xib */,
				CAF1E1B71C34E01200EDFC6A /* MainWindowController.swift */,
				CA04232B1B745CC2004513C6 /* MainWindowPresenter.swift */,
				CA4E257C1C33985500CB63FB /* MainWireframe.swift */,
			);
			path = "Main Window";
			sourceTree = "<group>";
		};
		CA04232C1B745CC2004513C6 /* Now Playing */ = {
			isa = PBXGroup;
			children = (
				CA04232D1B745CC2004513C6 /* FSHNowPlayingView.xib */,
				CA22AF101C408F0800AF0DF6 /* NowPlayingViewController.swift */,
				CA22AF121C4099DA00AF0DF6 /* NowPlayingPresenter.swift */,
				CA22AF161C40BC3600AF0DF6 /* AudioPlayerService.swift */,
				CA0423321B745CC2004513C6 /* FSHWaveform.swift */,
				CA0423331B745CC2004513C6 /* FSHWaveformSliderCell.h */,
				CA0423341B745CC2004513C6 /* FSHWaveformSliderCell.m */,
				CA0423351B745CC2004513C6 /* FSHWaveformSliderView.h */,
				CA0423361B745CC2004513C6 /* FSHWaveformSliderView.m */,
			);
			path = "Now Playing";
			sourceTree = "<group>";
		};
		CA0423371B745CC2004513C6 /* Sound List */ = {
			isa = PBXGroup;
			children = (
				CA0423381B745CC2004513C6 /* FSHSoundCellView.h */,
				CA0423391B745CC2004513C6 /* FSHSoundCellView.m */,
				CA04233A1B745CC2004513C6 /* FSHSoundListPresenter.h */,
				CA04233B1B745CC2004513C6 /* FSHSoundListPresenter.m */,
				CAF1E1B51C34DC1F00EDFC6A /* SoundListPresenter.swift */,
				CA04233C1B745CC2004513C6 /* FSHSoundRowView.h */,
				CA04233D1B745CC2004513C6 /* FSHSoundRowView.m */,
				CA04233E1B745CC2004513C6 /* SoundListView.xib */,
				CAF1E1B91C34E2E900EDFC6A /* SoundListViewController.swift */,
				CA444E401C33B8DF00E0EA45 /* SoundListRowModel.swift */,
			);
			path = "Sound List";
			sourceTree = "<group>";
		};
		CA13F4B518CD80F20027B513 /* NXOAuth2Client */ = {
			isa = PBXGroup;
			children = (
				CA13F4B618CD80F20027B513 /* NSData+NXOAuth2.h */,
				CA13F4B718CD80F20027B513 /* NSData+NXOAuth2.m */,
				CA13F4B818CD80F20027B513 /* NSString+NXOAuth2.h */,
				CA13F4B918CD80F20027B513 /* NSString+NXOAuth2.m */,
				CA13F4BA18CD80F20027B513 /* NSURL+NXOAuth2.h */,
				CA13F4BB18CD80F20027B513 /* NSURL+NXOAuth2.m */,
				CA13F4BC18CD80F20027B513 /* NXOAuth2Account+Private.h */,
				CA13F4BD18CD80F20027B513 /* OAuth2Client */,
			);
			path = NXOAuth2Client;
			sourceTree = "<group>";
		};
		CA13F4BD18CD80F20027B513 /* OAuth2Client */ = {
			isa = PBXGroup;
			children = (
				CA13F4BE18CD80F20027B513 /* NXOAuth2.h */,
				CA13F4BF18CD80F20027B513 /* NXOAuth2AccessToken.h */,
				CA13F4C018CD80F20027B513 /* NXOAuth2AccessToken.m */,
				CA13F4C118CD80F20027B513 /* NXOAuth2Account.h */,
				CA13F4C218CD80F20027B513 /* NXOAuth2Account.m */,
				CA13F4C318CD80F20027B513 /* NXOAuth2AccountStore.h */,
				CA13F4C418CD80F20027B513 /* NXOAuth2AccountStore.m */,
				CA13F4C518CD80F20027B513 /* NXOAuth2Client.h */,
				CA13F4C618CD80F20027B513 /* NXOAuth2Client.m */,
				CA13F4C718CD80F20027B513 /* NXOAuth2ClientDelegate.h */,
				CA13F4C818CD80F20027B513 /* NXOAuth2Connection.h */,
				CA13F4C918CD80F20027B513 /* NXOAuth2Connection.m */,
				CA13F4CA18CD80F20027B513 /* NXOAuth2ConnectionDelegate.h */,
				CA13F4CB18CD80F20027B513 /* NXOAuth2Constants.h */,
				CA13F4CC18CD80F20027B513 /* NXOAuth2Constants.m */,
				CA13F4CD18CD80F20027B513 /* NXOAuth2FileStreamWrapper.h */,
				CA13F4CE18CD80F20027B513 /* NXOAuth2FileStreamWrapper.m */,
				CA13F4CF18CD80F20027B513 /* NXOAuth2PostBodyPart.h */,
				CA13F4D018CD80F20027B513 /* NXOAuth2PostBodyPart.m */,
				CA13F4D118CD80F20027B513 /* NXOAuth2PostBodyStream.h */,
				CA13F4D218CD80F20027B513 /* NXOAuth2PostBodyStream.m */,
				CA13F4D318CD80F20027B513 /* NXOAuth2Request.h */,
				CA13F4D418CD80F20027B513 /* NXOAuth2Request.m */,
				CA13F4D518CD80F20027B513 /* NXOAuth2TrustDelegate.h */,
			);
			path = OAuth2Client;
			sourceTree = "<group>";
		};
		CA44E88F18CD1AA2007754C5 = {
			isa = PBXGroup;
			children = (
				CA44E8A118CD1AA2007754C5 /* Fresh */,
				CA44E8BF18CD1AA2007754C5 /* FreshTests */,
				CA44E89A18CD1AA2007754C5 /* Frameworks */,
				CA44E89918CD1AA2007754C5 /* Products */,
				4CA7EFFA218484D7588EA4AC /* Pods */,
			);
			sourceTree = "<group>";
		};
		CA44E89918CD1AA2007754C5 /* Products */ = {
			isa = PBXGroup;
			children = (
				CA44E89818CD1AA2007754C5 /* Fresh.app */,
				CA44E8B918CD1AA2007754C5 /* FreshTests.xctest */,
			);
			name = Products;
			sourceTree = "<group>";
		};
		CA44E89A18CD1AA2007754C5 /* Frameworks */ = {
			isa = PBXGroup;
			children = (
				CA44E89B18CD1AA2007754C5 /* Cocoa.framework */,
				CA44E8BA18CD1AA2007754C5 /* XCTest.framework */,
				CA44E89D18CD1AA2007754C5 /* Other Frameworks */,
				61660A482380B3A7DF63BE43 /* Pods.framework */,
			);
			name = Frameworks;
			sourceTree = "<group>";
		};
		CA44E89D18CD1AA2007754C5 /* Other Frameworks */ = {
			isa = PBXGroup;
			children = (
				CA44E89E18CD1AA2007754C5 /* AppKit.framework */,
				CA44E89F18CD1AA2007754C5 /* CoreData.framework */,
				CA44E8A018CD1AA2007754C5 /* Foundation.framework */,
			);
			name = "Other Frameworks";
			sourceTree = "<group>";
		};
		CA44E8A118CD1AA2007754C5 /* Fresh */ = {
			isa = PBXGroup;
			children = (
				CA04231A1B745CC2004513C6 /* Common */,
				CA0423231B745CC2004513C6 /* Components */,
				CAE6845D18CD3C3200F907A4 /* Categories */,
				CA44E8D718CD1CDB007754C5 /* Libraries */,
				CA44E8ED18CD22FD007754C5 /* Fresh.entitlements */,
				CA44E8AD18CD1AA2007754C5 /* FSHAppDelegate.h */,
				CA44E8AE18CD1AA2007754C5 /* FSHAppDelegate.m */,
				CA44E8B018CD1AA2007754C5 /* MainMenu.xib */,
				CA44E8B318CD1AA2007754C5 /* Images.xcassets */,
				CA5B3D921B72DD40002BB59B /* Fresh-Bridging-Header.h */,
				CA44E8A218CD1AA2007754C5 /* Supporting Files */,
			);
			path = Fresh;
			sourceTree = "<group>";
		};
		CA44E8A218CD1AA2007754C5 /* Supporting Files */ = {
			isa = PBXGroup;
			children = (
				CA44E8A318CD1AA2007754C5 /* Fresh-Info.plist */,
				CA44E8A418CD1AA2007754C5 /* InfoPlist.strings */,
				CA44E8A718CD1AA2007754C5 /* main.m */,
				CA44E8A918CD1AA2007754C5 /* Fresh-Prefix.pch */,
				CA44E8AA18CD1AA2007754C5 /* Credits.rtf */,
			);
			name = "Supporting Files";
			sourceTree = "<group>";
		};
		CA44E8BF18CD1AA2007754C5 /* FreshTests */ = {
			isa = PBXGroup;
			children = (
				CA44E8C518CD1AA2007754C5 /* FreshTests.m */,
				CA44E8C018CD1AA2007754C5 /* Supporting Files */,
			);
			path = FreshTests;
			sourceTree = "<group>";
		};
		CA44E8C018CD1AA2007754C5 /* Supporting Files */ = {
			isa = PBXGroup;
			children = (
				CA44E8C118CD1AA2007754C5 /* FreshTests-Info.plist */,
				CA44E8C218CD1AA2007754C5 /* InfoPlist.strings */,
			);
			name = "Supporting Files";
			sourceTree = "<group>";
		};
		CA44E8D718CD1CDB007754C5 /* Libraries */ = {
			isa = PBXGroup;
			children = (
				CA13F4B518CD80F20027B513 /* NXOAuth2Client */,
				CA44E8D818CD1CDB007754C5 /* SoundCloudAPI */,
			);
			path = Libraries;
			sourceTree = "<group>";
		};
		CA44E8D818CD1CDB007754C5 /* SoundCloudAPI */ = {
			isa = PBXGroup;
			children = (
				CA44E8D918CD1CDB007754C5 /* SCAccount+Private.h */,
				CA44E8DA18CD1CDB007754C5 /* SCAccount+Private.m */,
				CA44E8DB18CD1CDB007754C5 /* SCAccount.h */,
				CA44E8DC18CD1CDB007754C5 /* SCAccount.m */,
				CA44E8DD18CD1CDB007754C5 /* SCAPI.h */,
				CA44E8DE18CD1CDB007754C5 /* SCConstants.h */,
				CA44E8DF18CD1CDB007754C5 /* SCConstants.m */,
				CA44E8E018CD1CDB007754C5 /* SCRequest.h */,
				CA44E8E118CD1CDB007754C5 /* SCRequest.m */,
				CA44E8E218CD1CDB007754C5 /* SCSoundCloud+Private.h */,
				CA44E8E318CD1CDB007754C5 /* SCSoundCloud+Private.m */,
				CA44E8E418CD1CDB007754C5 /* SCSoundCloud.h */,
				CA44E8E518CD1CDB007754C5 /* SCSoundCloud.m */,
				CA44E8E618CD1CDB007754C5 /* SCSoundCloudAPI-Private.h */,
			);
			path = SoundCloudAPI;
			sourceTree = "<group>";
		};
		CAE6845D18CD3C3200F907A4 /* Categories */ = {
			isa = PBXGroup;
			children = (
				CAE6845E18CD3C4900F907A4 /* NSButton+RACProperties.h */,
				CAE6845F18CD3C4900F907A4 /* NSButton+RACProperties.m */,
				CA5D7A2718CEB2F1006E2401 /* NSView+RACProperties.h */,
				CA5D7A2818CEB2F1006E2401 /* NSView+RACProperties.m */,
				CA5D7A2A18CEB7A8006E2401 /* NSImageView+AFNetworking.h */,
				CA5D7A2B18CEB7A8006E2401 /* NSImageView+AFNetworking.m */,
				CAE5F49A18D14AFE00506613 /* NSImage+TintedImage.h */,
				CAE5F49B18D14AFE00506613 /* NSImage+TintedImage.m */,
			);
			name = Categories;
			sourceTree = "<group>";
		};
/* End PBXGroup section */

/* Begin PBXNativeTarget section */
		CA44E89718CD1AA2007754C5 /* Fresh */ = {
			isa = PBXNativeTarget;
			buildConfigurationList = CA44E8C918CD1AA2007754C5 /* Build configuration list for PBXNativeTarget "Fresh" */;
			buildPhases = (
				A0C740A192114608AA12184F /* Check Pods Manifest.lock */,
				CA44E89418CD1AA2007754C5 /* Sources */,
				CA44E89518CD1AA2007754C5 /* Frameworks */,
				CA44E89618CD1AA2007754C5 /* Resources */,
				C51D9BBFD65341998254871C /* Copy Pods Resources */,
				7EFB21CBE627032ED4F56543 /* Embed Pods Frameworks */,
			);
			buildRules = (
			);
			dependencies = (
			);
			name = Fresh;
			productName = Fresh;
			productReference = CA44E89818CD1AA2007754C5 /* Fresh.app */;
			productType = "com.apple.product-type.application";
		};
		CA44E8B818CD1AA2007754C5 /* FreshTests */ = {
			isa = PBXNativeTarget;
			buildConfigurationList = CA44E8CC18CD1AA2007754C5 /* Build configuration list for PBXNativeTarget "FreshTests" */;
			buildPhases = (
				CA44E8B518CD1AA2007754C5 /* Sources */,
				CA44E8B618CD1AA2007754C5 /* Frameworks */,
				CA44E8B718CD1AA2007754C5 /* Resources */,
			);
			buildRules = (
			);
			dependencies = (
				CA44E8BE18CD1AA2007754C5 /* PBXTargetDependency */,
			);
			name = FreshTests;
			productName = FreshTests;
			productReference = CA44E8B918CD1AA2007754C5 /* FreshTests.xctest */;
			productType = "com.apple.product-type.bundle.unit-test";
		};
/* End PBXNativeTarget section */

/* Begin PBXProject section */
		CA44E89018CD1AA2007754C5 /* Project object */ = {
			isa = PBXProject;
			attributes = {
				CLASSPREFIX = FSH;
				LastSwiftUpdateCheck = 0720;
				LastUpgradeCheck = 0510;
				ORGANIZATIONNAME = "Brandon Evans";
				TargetAttributes = {
					CA44E89718CD1AA2007754C5 = {
						SystemCapabilities = {
							com.apple.Sandbox = {
								enabled = 1;
							};
						};
					};
					CA44E8B818CD1AA2007754C5 = {
						TestTargetID = CA44E89718CD1AA2007754C5;
					};
				};
			};
			buildConfigurationList = CA44E89318CD1AA2007754C5 /* Build configuration list for PBXProject "Fresh" */;
			compatibilityVersion = "Xcode 3.2";
			developmentRegion = English;
			hasScannedForEncodings = 0;
			knownRegions = (
				en,
				Base,
			);
			mainGroup = CA44E88F18CD1AA2007754C5;
			productRefGroup = CA44E89918CD1AA2007754C5 /* Products */;
			projectDirPath = "";
			projectRoot = "";
			targets = (
				CA44E89718CD1AA2007754C5 /* Fresh */,
				CA44E8B818CD1AA2007754C5 /* FreshTests */,
			);
		};
/* End PBXProject section */

/* Begin PBXResourcesBuildPhase section */
		CA44E89618CD1AA2007754C5 /* Resources */ = {
			isa = PBXResourcesBuildPhase;
			buildActionMask = 2147483647;
			files = (
				CA0423521B745CC2004513C6 /* SoundListView.xib in Resources */,
				CA0423441B745CC2004513C6 /* FSHLoginView.xib in Resources */,
				CA0423491B745CC2004513C6 /* FSHNowPlayingView.xib in Resources */,
				CA44E8A618CD1AA2007754C5 /* InfoPlist.strings in Resources */,
				CA44E8B418CD1AA2007754C5 /* Images.xcassets in Resources */,
				CA44E8AC18CD1AA2007754C5 /* Credits.rtf in Resources */,
				CA44E8B218CD1AA2007754C5 /* MainMenu.xib in Resources */,
				CA0423461B745CC2004513C6 /* MainWindow.xib in Resources */,
			);
			runOnlyForDeploymentPostprocessing = 0;
		};
		CA44E8B718CD1AA2007754C5 /* Resources */ = {
			isa = PBXResourcesBuildPhase;
			buildActionMask = 2147483647;
			files = (
				CA44E8C418CD1AA2007754C5 /* InfoPlist.strings in Resources */,
			);
			runOnlyForDeploymentPostprocessing = 0;
		};
/* End PBXResourcesBuildPhase section */

/* Begin PBXShellScriptBuildPhase section */
		7EFB21CBE627032ED4F56543 /* Embed Pods Frameworks */ = {
			isa = PBXShellScriptBuildPhase;
			buildActionMask = 2147483647;
			files = (
			);
			inputPaths = (
			);
			name = "Embed Pods Frameworks";
			outputPaths = (
			);
			runOnlyForDeploymentPostprocessing = 0;
			shellPath = /bin/sh;
			shellScript = "\"${SRCROOT}/Pods/Target Support Files/Pods/Pods-frameworks.sh\"\n";
			showEnvVarsInLog = 0;
		};
		A0C740A192114608AA12184F /* Check Pods Manifest.lock */ = {
			isa = PBXShellScriptBuildPhase;
			buildActionMask = 2147483647;
			files = (
			);
			inputPaths = (
			);
			name = "Check Pods Manifest.lock";
			outputPaths = (
			);
			runOnlyForDeploymentPostprocessing = 0;
			shellPath = /bin/sh;
			shellScript = "diff \"${PODS_ROOT}/../Podfile.lock\" \"${PODS_ROOT}/Manifest.lock\" > /dev/null\nif [[ $? != 0 ]] ; then\n    cat << EOM\nerror: The sandbox is not in sync with the Podfile.lock. Run 'pod install' or update your CocoaPods installation.\nEOM\n    exit 1\nfi\n";
			showEnvVarsInLog = 0;
		};
		C51D9BBFD65341998254871C /* Copy Pods Resources */ = {
			isa = PBXShellScriptBuildPhase;
			buildActionMask = 2147483647;
			files = (
			);
			inputPaths = (
			);
			name = "Copy Pods Resources";
			outputPaths = (
			);
			runOnlyForDeploymentPostprocessing = 0;
			shellPath = /bin/sh;
			shellScript = "\"${SRCROOT}/Pods/Target Support Files/Pods/Pods-resources.sh\"\n";
			showEnvVarsInLog = 0;
		};
/* End PBXShellScriptBuildPhase section */

/* Begin PBXSourcesBuildPhase section */
		CA44E89418CD1AA2007754C5 /* Sources */ = {
			isa = PBXSourcesBuildPhase;
			buildActionMask = 2147483647;
			files = (
				CA44E8EB18CD1CDB007754C5 /* SCSoundCloud+Private.m in Sources */,
				CA0423411B745CC2004513C6 /* FSHAccount.m in Sources */,
				CA22AF151C40B10400AF0DF6 /* Timer.swift in Sources */,
				CA22AF131C4099DA00AF0DF6 /* NowPlayingPresenter.swift in Sources */,
				CAF1E1BA1C34E2E900EDFC6A /* SoundListViewController.swift in Sources */,
				CA13F4D618CD80F20027B513 /* NSData+NXOAuth2.m in Sources */,
				CA44E8E918CD1CDB007754C5 /* SCConstants.m in Sources */,
				CAE6846018CD3C4900F907A4 /* NSButton+RACProperties.m in Sources */,
				CAE5F49C18D14AFE00506613 /* NSImage+TintedImage.m in Sources */,
				CA13F4E118CD80F20027B513 /* NXOAuth2PostBodyStream.m in Sources */,
				CA13F4E018CD80F20027B513 /* NXOAuth2PostBodyPart.m in Sources */,
				CA444E431C34D12E00E0EA45 /* Presenter.swift in Sources */,
				CA13F4DD18CD80F20027B513 /* NXOAuth2Connection.m in Sources */,
				CA44E8AF18CD1AA2007754C5 /* FSHAppDelegate.m in Sources */,
				CAF1E1B81C34E01200EDFC6A /* MainWindowController.swift in Sources */,
				CA44E8E818CD1CDB007754C5 /* SCAccount.m in Sources */,
				CA22AF111C408F0800AF0DF6 /* NowPlayingViewController.swift in Sources */,
				CA13F4D818CD80F20027B513 /* NSURL+NXOAuth2.m in Sources */,
				CA5D7A2C18CEB7A8006E2401 /* NSImageView+AFNetworking.m in Sources */,
				CA0423481B745CC2004513C6 /* MainWindowPresenter.swift in Sources */,
				CA13F4DA18CD80F20027B513 /* NXOAuth2Account.m in Sources */,
				CA44E8E718CD1CDB007754C5 /* SCAccount+Private.m in Sources */,
				CA44E8EC18CD1CDB007754C5 /* SCSoundCloud.m in Sources */,
				CA0423451B745CC2004513C6 /* FSHLoginViewController.swift in Sources */,
				CA4E257F1C339D6000CB63FB /* SoundCloudService.swift in Sources */,
				CA13F4DF18CD80F20027B513 /* NXOAuth2FileStreamWrapper.m in Sources */,
				CA444E3F1C33AF7D00E0EA45 /* ObserverSet.swift in Sources */,
				CA44E8EA18CD1CDB007754C5 /* SCRequest.m in Sources */,
				CA13F4D918CD80F20027B513 /* NXOAuth2AccessToken.m in Sources */,
				CA04234E1B745CC2004513C6 /* FSHWaveformSliderView.m in Sources */,
				CA44E8A818CD1AA2007754C5 /* main.m in Sources */,
				CA13F4E218CD80F20027B513 /* NXOAuth2Request.m in Sources */,
				CA0423511B745CC2004513C6 /* FSHSoundRowView.m in Sources */,
				CA5D7A2918CEB2F1006E2401 /* NSView+RACProperties.m in Sources */,
				CAF1E1B61C34DC1F00EDFC6A /* SoundListPresenter.swift in Sources */,
				CA22AF171C40BC3600AF0DF6 /* AudioPlayerService.swift in Sources */,
				CA04234D1B745CC2004513C6 /* FSHWaveformSliderCell.m in Sources */,
				CA444E411C33B8DF00E0EA45 /* SoundListRowModel.swift in Sources */,
				CA0423431B745CC2004513C6 /* FSHNoHitTextField.m in Sources */,
				CA0423501B745CC2004513C6 /* FSHSoundListPresenter.m in Sources */,
				CA13F4DC18CD80F20027B513 /* NXOAuth2Client.m in Sources */,
				CA0423421B745CC2004513C6 /* FSHSound.m in Sources */,
				CA4E257D1C33985500CB63FB /* MainWireframe.swift in Sources */,
				CA04234C1B745CC2004513C6 /* FSHWaveform.swift in Sources */,
				CA13F4D718CD80F20027B513 /* NSString+NXOAuth2.m in Sources */,
				CA04234F1B745CC2004513C6 /* FSHSoundCellView.m in Sources */,
				CA13F4DB18CD80F20027B513 /* NXOAuth2AccountStore.m in Sources */,
				CA13F4DE18CD80F20027B513 /* NXOAuth2Constants.m in Sources */,
			);
			runOnlyForDeploymentPostprocessing = 0;
		};
		CA44E8B518CD1AA2007754C5 /* Sources */ = {
			isa = PBXSourcesBuildPhase;
			buildActionMask = 2147483647;
			files = (
				CA44E8C618CD1AA2007754C5 /* FreshTests.m in Sources */,
			);
			runOnlyForDeploymentPostprocessing = 0;
		};
/* End PBXSourcesBuildPhase section */

/* Begin PBXTargetDependency section */
		CA44E8BE18CD1AA2007754C5 /* PBXTargetDependency */ = {
			isa = PBXTargetDependency;
			target = CA44E89718CD1AA2007754C5 /* Fresh */;
			targetProxy = CA44E8BD18CD1AA2007754C5 /* PBXContainerItemProxy */;
		};
/* End PBXTargetDependency section */

/* Begin PBXVariantGroup section */
		CA44E8A418CD1AA2007754C5 /* InfoPlist.strings */ = {
			isa = PBXVariantGroup;
			children = (
				CA44E8A518CD1AA2007754C5 /* en */,
			);
			name = InfoPlist.strings;
			sourceTree = "<group>";
		};
		CA44E8AA18CD1AA2007754C5 /* Credits.rtf */ = {
			isa = PBXVariantGroup;
			children = (
				CA44E8AB18CD1AA2007754C5 /* en */,
			);
			name = Credits.rtf;
			sourceTree = "<group>";
		};
		CA44E8B018CD1AA2007754C5 /* MainMenu.xib */ = {
			isa = PBXVariantGroup;
			children = (
				CA44E8B118CD1AA2007754C5 /* Base */,
			);
			name = MainMenu.xib;
			sourceTree = "<group>";
		};
		CA44E8C218CD1AA2007754C5 /* InfoPlist.strings */ = {
			isa = PBXVariantGroup;
			children = (
				CA44E8C318CD1AA2007754C5 /* en */,
			);
			name = InfoPlist.strings;
			sourceTree = "<group>";
		};
/* End PBXVariantGroup section */

/* Begin XCBuildConfiguration section */
		CA44E8C718CD1AA2007754C5 /* Debug */ = {
			isa = XCBuildConfiguration;
			buildSettings = {
				ALWAYS_SEARCH_USER_PATHS = NO;
				CLANG_CXX_LANGUAGE_STANDARD = "gnu++0x";
				CLANG_CXX_LIBRARY = "libc++";
				CLANG_ENABLE_MODULES = YES;
				CLANG_ENABLE_OBJC_ARC = YES;
				CLANG_WARN_BOOL_CONVERSION = YES;
				CLANG_WARN_CONSTANT_CONVERSION = YES;
				CLANG_WARN_DIRECT_OBJC_ISA_USAGE = YES_ERROR;
				CLANG_WARN_EMPTY_BODY = YES;
				CLANG_WARN_ENUM_CONVERSION = YES;
				CLANG_WARN_INT_CONVERSION = YES;
				CLANG_WARN_OBJC_ROOT_CLASS = YES_ERROR;
				CLANG_WARN__DUPLICATE_METHOD_MATCH = YES;
				COPY_PHASE_STRIP = NO;
				GCC_C_LANGUAGE_STANDARD = gnu99;
				GCC_DYNAMIC_NO_PIC = NO;
				GCC_ENABLE_OBJC_EXCEPTIONS = YES;
				GCC_OPTIMIZATION_LEVEL = 0;
				GCC_PREPROCESSOR_DEFINITIONS = (
					"DEBUG=1",
					"$(inherited)",
				);
				GCC_SYMBOLS_PRIVATE_EXTERN = NO;
				GCC_WARN_64_TO_32_BIT_CONVERSION = YES;
				GCC_WARN_ABOUT_RETURN_TYPE = YES_ERROR;
				GCC_WARN_UNDECLARED_SELECTOR = YES;
				GCC_WARN_UNINITIALIZED_AUTOS = YES_AGGRESSIVE;
				GCC_WARN_UNUSED_FUNCTION = YES;
				GCC_WARN_UNUSED_VARIABLE = YES;
				MACOSX_DEPLOYMENT_TARGET = 10.9;
				ONLY_ACTIVE_ARCH = YES;
				SDKROOT = macosx;
			};
			name = Debug;
		};
		CA44E8C818CD1AA2007754C5 /* Release */ = {
			isa = XCBuildConfiguration;
			buildSettings = {
				ALWAYS_SEARCH_USER_PATHS = NO;
				CLANG_CXX_LANGUAGE_STANDARD = "gnu++0x";
				CLANG_CXX_LIBRARY = "libc++";
				CLANG_ENABLE_MODULES = YES;
				CLANG_ENABLE_OBJC_ARC = YES;
				CLANG_WARN_BOOL_CONVERSION = YES;
				CLANG_WARN_CONSTANT_CONVERSION = YES;
				CLANG_WARN_DIRECT_OBJC_ISA_USAGE = YES_ERROR;
				CLANG_WARN_EMPTY_BODY = YES;
				CLANG_WARN_ENUM_CONVERSION = YES;
				CLANG_WARN_INT_CONVERSION = YES;
				CLANG_WARN_OBJC_ROOT_CLASS = YES_ERROR;
				CLANG_WARN__DUPLICATE_METHOD_MATCH = YES;
				COPY_PHASE_STRIP = YES;
				DEBUG_INFORMATION_FORMAT = "dwarf-with-dsym";
				ENABLE_NS_ASSERTIONS = NO;
				GCC_C_LANGUAGE_STANDARD = gnu99;
				GCC_ENABLE_OBJC_EXCEPTIONS = YES;
				GCC_WARN_64_TO_32_BIT_CONVERSION = YES;
				GCC_WARN_ABOUT_RETURN_TYPE = YES_ERROR;
				GCC_WARN_UNDECLARED_SELECTOR = YES;
				GCC_WARN_UNINITIALIZED_AUTOS = YES_AGGRESSIVE;
				GCC_WARN_UNUSED_FUNCTION = YES;
				GCC_WARN_UNUSED_VARIABLE = YES;
				MACOSX_DEPLOYMENT_TARGET = 10.9;
				SDKROOT = macosx;
			};
			name = Release;
		};
		CA44E8CA18CD1AA2007754C5 /* Debug */ = {
			isa = XCBuildConfiguration;
			baseConfigurationReference = CB761C3110025D903468097C /* Pods.debug.xcconfig */;
			buildSettings = {
				ASSETCATALOG_COMPILER_APPICON_NAME = AppIcon;
				CLANG_ENABLE_MODULES = YES;
				CODE_SIGN_ENTITLEMENTS = Fresh/Fresh.entitlements;
				CODE_SIGN_IDENTITY = "-";
				COMBINE_HIDPI_IMAGES = YES;
				GCC_PRECOMPILE_PREFIX_HEADER = YES;
				GCC_PREFIX_HEADER = "Fresh/Fresh-Prefix.pch";
				INFOPLIST_FILE = "Fresh/Fresh-Info.plist";
				LD_RUNPATH_SEARCH_PATHS = "$(inherited) @executable_path/../Frameworks";
				MACOSX_DEPLOYMENT_TARGET = 10.10;
				PRODUCT_NAME = "$(TARGET_NAME)";
				SWIFT_OBJC_BRIDGING_HEADER = "Fresh/Fresh-Bridging-Header.h";
				SWIFT_OPTIMIZATION_LEVEL = "-Onone";
				USER_HEADER_SEARCH_PATHS = "\"${PROJECT_DIR}/Pods\"/**";
				WRAPPER_EXTENSION = app;
			};
			name = Debug;
		};
		CA44E8CB18CD1AA2007754C5 /* Release */ = {
			isa = XCBuildConfiguration;
			baseConfigurationReference = C625D28D4A69D21652CB65E2 /* Pods.release.xcconfig */;
			buildSettings = {
				ASSETCATALOG_COMPILER_APPICON_NAME = AppIcon;
				CLANG_ENABLE_MODULES = YES;
				CODE_SIGN_ENTITLEMENTS = Fresh/Fresh.entitlements;
				CODE_SIGN_IDENTITY = "-";
				COMBINE_HIDPI_IMAGES = YES;
				GCC_PRECOMPILE_PREFIX_HEADER = YES;
				GCC_PREFIX_HEADER = "Fresh/Fresh-Prefix.pch";
				INFOPLIST_FILE = "Fresh/Fresh-Info.plist";
				LD_RUNPATH_SEARCH_PATHS = "$(inherited) @executable_path/../Frameworks";
				MACOSX_DEPLOYMENT_TARGET = 10.10;
				PRODUCT_NAME = "$(TARGET_NAME)";
				SWIFT_OBJC_BRIDGING_HEADER = "Fresh/Fresh-Bridging-Header.h";
				USER_HEADER_SEARCH_PATHS = "\"${PROJECT_DIR}/Pods\"/**";
				WRAPPER_EXTENSION = app;
			};
			name = Release;
		};
		CA44E8CD18CD1AA2007754C5 /* Debug */ = {
			isa = XCBuildConfiguration;
			buildSettings = {
				BUNDLE_LOADER = "$(BUILT_PRODUCTS_DIR)/Fresh.app/Contents/MacOS/Fresh";
				COMBINE_HIDPI_IMAGES = YES;
				FRAMEWORK_SEARCH_PATHS = (
					"$(DEVELOPER_FRAMEWORKS_DIR)",
					"$(inherited)",
				);
				GCC_PRECOMPILE_PREFIX_HEADER = YES;
				GCC_PREFIX_HEADER = "Fresh/Fresh-Prefix.pch";
				GCC_PREPROCESSOR_DEFINITIONS = (
					"DEBUG=1",
					"$(inherited)",
				);
				INFOPLIST_FILE = "FreshTests/FreshTests-Info.plist";
				PRODUCT_NAME = "$(TARGET_NAME)";
				TEST_HOST = "$(BUNDLE_LOADER)";
				WRAPPER_EXTENSION = xctest;
			};
			name = Debug;
		};
		CA44E8CE18CD1AA2007754C5 /* Release */ = {
			isa = XCBuildConfiguration;
			buildSettings = {
				BUNDLE_LOADER = "$(BUILT_PRODUCTS_DIR)/Fresh.app/Contents/MacOS/Fresh";
				COMBINE_HIDPI_IMAGES = YES;
				FRAMEWORK_SEARCH_PATHS = (
					"$(DEVELOPER_FRAMEWORKS_DIR)",
					"$(inherited)",
				);
				GCC_PRECOMPILE_PREFIX_HEADER = YES;
				GCC_PREFIX_HEADER = "Fresh/Fresh-Prefix.pch";
				INFOPLIST_FILE = "FreshTests/FreshTests-Info.plist";
				PRODUCT_NAME = "$(TARGET_NAME)";
				TEST_HOST = "$(BUNDLE_LOADER)";
				WRAPPER_EXTENSION = xctest;
			};
			name = Release;
		};
/* End XCBuildConfiguration section */

/* Begin XCConfigurationList section */
		CA44E89318CD1AA2007754C5 /* Build configuration list for PBXProject "Fresh" */ = {
			isa = XCConfigurationList;
			buildConfigurations = (
				CA44E8C718CD1AA2007754C5 /* Debug */,
				CA44E8C818CD1AA2007754C5 /* Release */,
			);
			defaultConfigurationIsVisible = 0;
			defaultConfigurationName = Release;
		};
		CA44E8C918CD1AA2007754C5 /* Build configuration list for PBXNativeTarget "Fresh" */ = {
			isa = XCConfigurationList;
			buildConfigurations = (
				CA44E8CA18CD1AA2007754C5 /* Debug */,
				CA44E8CB18CD1AA2007754C5 /* Release */,
			);
			defaultConfigurationIsVisible = 0;
			defaultConfigurationName = Release;
		};
		CA44E8CC18CD1AA2007754C5 /* Build configuration list for PBXNativeTarget "FreshTests" */ = {
			isa = XCConfigurationList;
			buildConfigurations = (
				CA44E8CD18CD1AA2007754C5 /* Debug */,
				CA44E8CE18CD1AA2007754C5 /* Release */,
			);
			defaultConfigurationIsVisible = 0;
			defaultConfigurationName = Release;
		};
/* End XCConfigurationList section */
	};
	rootObject = CA44E89018CD1AA2007754C5 /* Project object */;
}
